
Microsoft Visual Studio Solution File, Format Version 12.00
# Visual Studio 14
VisualStudioVersion = 14.0.24720.0
MinimumVisualStudioVersion = 10.0.40219.1
Project("{2150E333-8FDC-42A3-9474-1A3956D46DE8}") = "C++Core Library", "C++Core Library", "{1D500000-5AA0-4DAB-8A0D-BA267F363E15}"
EndProject
Project("{2150E333-8FDC-42A3-9474-1A3956D46DE8}") = "Swig Conversion Layer", "Swig Conversion Layer", "{C83DF308-0C93-40E5-824E-3C5B9DA889DF}"
EndProject
Project("{2150E333-8FDC-42A3-9474-1A3956D46DE8}") = "CSharp Applications", "CSharp Applications", "{EA54F9A0-66C0-4B9E-8B3D-A753E2EC6445}"
EndProject
Project("{2150E333-8FDC-42A3-9474-1A3956D46DE8}") = "Swig", "Swig", "{D89673FA-186D-4102-9AE3-5675595322E7}"
	ProjectSection(SolutionItems) = preProject
		Swig Conversion Layer\swig\basketoptions.i = Swig Conversion Layer\swig\basketoptions.i
		Swig Conversion Layer\swig\bondfunctions.i = Swig Conversion Layer\swig\bondfunctions.i
		Swig Conversion Layer\swig\bonds.i = Swig Conversion Layer\swig\bonds.i
		Swig Conversion Layer\swig\calendars.i = Swig Conversion Layer\swig\calendars.i
		Swig Conversion Layer\swig\calibrationhelpers.i = Swig Conversion Layer\swig\calibrationhelpers.i
		Swig Conversion Layer\swig\callability.i = Swig Conversion Layer\swig\callability.i
		Swig Conversion Layer\swig\capfloor.i = Swig Conversion Layer\swig\capfloor.i
		Swig Conversion Layer\swig\cashflows.i = Swig Conversion Layer\swig\cashflows.i
		Swig Conversion Layer\swig\common.i = Swig Conversion Layer\swig\common.i
		Swig Conversion Layer\swig\convertiblebonds.i = Swig Conversion Layer\swig\convertiblebonds.i
		Swig Conversion Layer\swig\credit.i = Swig Conversion Layer\swig\credit.i
		Swig Conversion Layer\swig\creditdefaultswap.i = Swig Conversion Layer\swig\creditdefaultswap.i
		Swig Conversion Layer\swig\currencies.i = Swig Conversion Layer\swig\currencies.i
		Swig Conversion Layer\swig\date.i = Swig Conversion Layer\swig\date.i
		Swig Conversion Layer\swig\daycounters.i = Swig Conversion Layer\swig\daycounters.i
		Swig Conversion Layer\swig\defaultprobability.i = Swig Conversion Layer\swig\defaultprobability.i
		Swig Conversion Layer\swig\discountcurve.i = Swig Conversion Layer\swig\discountcurve.i
		Swig Conversion Layer\swig\distributions.i = Swig Conversion Layer\swig\distributions.i
		Swig Conversion Layer\swig\dividends.i = Swig Conversion Layer\swig\dividends.i
		Swig Conversion Layer\swig\exchangerates.i = Swig Conversion Layer\swig\exchangerates.i
		Swig Conversion Layer\swig\exercise.i = Swig Conversion Layer\swig\exercise.i
		Swig Conversion Layer\swig\fittedbondcurve.i = Swig Conversion Layer\swig\fittedbondcurve.i
		Swig Conversion Layer\swig\forwardcurve.i = Swig Conversion Layer\swig\forwardcurve.i
		Swig Conversion Layer\swig\fra.i = Swig Conversion Layer\swig\fra.i
		Swig Conversion Layer\swig\functions.i = Swig Conversion Layer\swig\functions.i
		Swig Conversion Layer\swig\gaussian1dmodel.i = Swig Conversion Layer\swig\gaussian1dmodel.i
		Swig Conversion Layer\swig\grid.i = Swig Conversion Layer\swig\grid.i
		Swig Conversion Layer\swig\indexes.i = Swig Conversion Layer\swig\indexes.i
		Swig Conversion Layer\swig\inflation.i = Swig Conversion Layer\swig\inflation.i
		Swig Conversion Layer\swig\instruments.i = Swig Conversion Layer\swig\instruments.i
		Swig Conversion Layer\swig\integrals.i = Swig Conversion Layer\swig\integrals.i
		Swig Conversion Layer\swig\interestrate.i = Swig Conversion Layer\swig\interestrate.i
		Swig Conversion Layer\swig\interpolation.i = Swig Conversion Layer\swig\interpolation.i
		Swig Conversion Layer\swig\linearalgebra.i = Swig Conversion Layer\swig\linearalgebra.i
		Swig Conversion Layer\swig\marketelements.i = Swig Conversion Layer\swig\marketelements.i
		Swig Conversion Layer\swig\money.i = Swig Conversion Layer\swig\money.i
		Swig Conversion Layer\swig\montecarlo.i = Swig Conversion Layer\swig\montecarlo.i
		Swig Conversion Layer\swig\null.i = Swig Conversion Layer\swig\null.i
		Swig Conversion Layer\swig\observer.i = Swig Conversion Layer\swig\observer.i
		Swig Conversion Layer\swig\old_volatility.i = Swig Conversion Layer\swig\old_volatility.i
		Swig Conversion Layer\swig\operators.i = Swig Conversion Layer\swig\operators.i
		Swig Conversion Layer\swig\optimizers.i = Swig Conversion Layer\swig\optimizers.i
		Swig Conversion Layer\swig\options.i = Swig Conversion Layer\swig\options.i
		Swig Conversion Layer\swig\payoffs.i = Swig Conversion Layer\swig\payoffs.i
		Swig Conversion Layer\swig\piecewiseyieldcurve.i = Swig Conversion Layer\swig\piecewiseyieldcurve.i
		Swig Conversion Layer\swig\ql.i = Swig Conversion Layer\swig\ql.i
		Swig Conversion Layer\swig\quantlib.i = Swig Conversion Layer\swig\quantlib.i
		Swig Conversion Layer\swig\randomnumbers.i = Swig Conversion Layer\swig\randomnumbers.i
		Swig Conversion Layer\swig\ratehelpers.i = Swig Conversion Layer\swig\ratehelpers.i
		Swig Conversion Layer\swig\rounding.i = Swig Conversion Layer\swig\rounding.i
		Swig Conversion Layer\swig\sampledcurve.i = Swig Conversion Layer\swig\sampledcurve.i
		Swig Conversion Layer\swig\scheduler.i = Swig Conversion Layer\swig\scheduler.i
		Swig Conversion Layer\swig\settings.i = Swig Conversion Layer\swig\settings.i
		Swig Conversion Layer\swig\shortratemodels.i = Swig Conversion Layer\swig\shortratemodels.i
		Swig Conversion Layer\swig\statistics.i = Swig Conversion Layer\swig\statistics.i
		Swig Conversion Layer\swig\stochasticprocess.i = Swig Conversion Layer\swig\stochasticprocess.i
		Swig Conversion Layer\swig\swap.i = Swig Conversion Layer\swig\swap.i
		Swig Conversion Layer\swig\swaption.i = Swig Conversion Layer\swig\swaption.i
		Swig Conversion Layer\swig\termstructures.i = Swig Conversion Layer\swig\termstructures.i
		Swig Conversion Layer\swig\timebasket.i = Swig Conversion Layer\swig\timebasket.i
		Swig Conversion Layer\swig\timeseries.i = Swig Conversion Layer\swig\timeseries.i
		Swig Conversion Layer\swig\tracing.i = Swig Conversion Layer\swig\tracing.i
		Swig Conversion Layer\swig\types.i = Swig Conversion Layer\swig\types.i
		Swig Conversion Layer\swig\vectors.i = Swig Conversion Layer\swig\vectors.i
		Swig Conversion Layer\swig\volatilities.i = Swig Conversion Layer\swig\volatilities.i
		Swig Conversion Layer\swig\volatilitymodels.i = Swig Conversion Layer\swig\volatilitymodels.i
		Swig Conversion Layer\swig\zerocurve.i = Swig Conversion Layer\swig\zerocurve.i
	EndProjectSection
EndProject
Project("{8BC9CEB8-8B4A-11D0-8D11-00A0C91BC942}") = "NQuantLibc", "Swig Conversion Layer\cpp\QuantlibWrapper_vc11.vcxproj", "{21183104-9963-4D4F-B7E8-C8A6169FD053}"
EndProject
Project("{FAE04EC0-301F-11D3-BF4B-00C04F79EFBC}") = "QLEX", "Swig Conversion Layer\csharp\QLEX.csproj", "{928F98EE-7D50-457F-9304-A6818DCF1079}"
EndProject
Project("{8BC9CEB8-8B4A-11D0-8D11-00A0C91BC942}") = "QLExtension", "C++ Core Library\QLExtension\QLExtension.vcxproj", "{CE998296-020C-44AD-B377-6925FAD8EC98}"
EndProject
Project("{FAE04EC0-301F-11D3-BF4B-00C04F79EFBC}") = "QLExtension", "CSharp Applications\QLExtension\QLExtension.csproj", "{7720778C-80F7-4004-8508-283BAFA8F4E6}"
EndProject
Project("{FAE04EC0-301F-11D3-BF4B-00C04F79EFBC}") = "QLExtensionUnitTest", "CSharp Applications\QLExtensionUnitTest\QLExtensionUnitTest.csproj", "{65235900-3940-46D2-B519-C26E9027C668}"
EndProject
Project("{FAE04EC0-301F-11D3-BF4B-00C04F79EFBC}") = "QLExcel", "CSharp Applications\QLExcel\QLExcel.csproj", "{E5077C71-A46A-48D3-953D-4135BEA566BE}"
EndProject
Global
	GlobalSection(SolutionConfigurationPlatforms) = preSolution
		Debug|Any CPU = Debug|Any CPU
		Debug|Mixed Platforms = Debug|Mixed Platforms
		Debug|Win32 = Debug|Win32
		Debug|x64 = Debug|x64
		Debug|x86 = Debug|x86
		Release|Any CPU = Release|Any CPU
		Release|Mixed Platforms = Release|Mixed Platforms
		Release|Win32 = Release|Win32
		Release|x64 = Release|x64
		Release|x86 = Release|x86
	EndGlobalSection
	GlobalSection(ProjectConfigurationPlatforms) = postSolution
		{21183104-9963-4D4F-B7E8-C8A6169FD053}.Debug|Any CPU.ActiveCfg = Debug|Win32
		{21183104-9963-4D4F-B7E8-C8A6169FD053}.Debug|Mixed Platforms.ActiveCfg = Debug|Win32
		{21183104-9963-4D4F-B7E8-C8A6169FD053}.Debug|Win32.ActiveCfg = Debug|Win32
		{21183104-9963-4D4F-B7E8-C8A6169FD053}.Debug|Win32.Build.0 = Debug|Win32
		{21183104-9963-4D4F-B7E8-C8A6169FD053}.Debug|x64.ActiveCfg = Debug|x64
		{21183104-9963-4D4F-B7E8-C8A6169FD053}.Debug|x64.Build.0 = Debug|x64
		{21183104-9963-4D4F-B7E8-C8A6169FD053}.Debug|x86.ActiveCfg = Debug|Win32
		{21183104-9963-4D4F-B7E8-C8A6169FD053}.Debug|x86.Build.0 = Debug|Win32
		{21183104-9963-4D4F-B7E8-C8A6169FD053}.Release|Any CPU.ActiveCfg = Release|Win32
		{21183104-9963-4D4F-B7E8-C8A6169FD053}.Release|Mixed Platforms.ActiveCfg = Release|Win32
		{21183104-9963-4D4F-B7E8-C8A6169FD053}.Release|Mixed Platforms.Build.0 = Release|Win32
		{21183104-9963-4D4F-B7E8-C8A6169FD053}.Release|Win32.ActiveCfg = Release|Win32
		{21183104-9963-4D4F-B7E8-C8A6169FD053}.Release|Win32.Build.0 = Release|Win32
		{21183104-9963-4D4F-B7E8-C8A6169FD053}.Release|x64.ActiveCfg = Release|x64
		{21183104-9963-4D4F-B7E8-C8A6169FD053}.Release|x64.Build.0 = Release|x64
		{21183104-9963-4D4F-B7E8-C8A6169FD053}.Release|x86.ActiveCfg = Release|Win32
		{21183104-9963-4D4F-B7E8-C8A6169FD053}.Release|x86.Build.0 = Release|Win32
		{928F98EE-7D50-457F-9304-A6818DCF1079}.Debug|Any CPU.ActiveCfg = Debug|Any CPU
		{928F98EE-7D50-457F-9304-A6818DCF1079}.Debug|Any CPU.Build.0 = Debug|Any CPU
		{928F98EE-7D50-457F-9304-A6818DCF1079}.Debug|Mixed Platforms.ActiveCfg = Debug|x86
		{928F98EE-7D50-457F-9304-A6818DCF1079}.Debug|Win32.ActiveCfg = Debug|x86
		{928F98EE-7D50-457F-9304-A6818DCF1079}.Debug|Win32.Build.0 = Debug|x86
		{928F98EE-7D50-457F-9304-A6818DCF1079}.Debug|x64.ActiveCfg = Debug|x64
		{928F98EE-7D50-457F-9304-A6818DCF1079}.Debug|x64.Build.0 = Debug|x64
		{928F98EE-7D50-457F-9304-A6818DCF1079}.Debug|x86.ActiveCfg = Debug|x86
		{928F98EE-7D50-457F-9304-A6818DCF1079}.Debug|x86.Build.0 = Debug|x86
		{928F98EE-7D50-457F-9304-A6818DCF1079}.Release|Any CPU.ActiveCfg = Release|Any CPU
		{928F98EE-7D50-457F-9304-A6818DCF1079}.Release|Any CPU.Build.0 = Release|Any CPU
		{928F98EE-7D50-457F-9304-A6818DCF1079}.Release|Mixed Platforms.ActiveCfg = Release|x86
		{928F98EE-7D50-457F-9304-A6818DCF1079}.Release|Mixed Platforms.Build.0 = Release|x86
		{928F98EE-7D50-457F-9304-A6818DCF1079}.Release|Win32.ActiveCfg = Release|x86
		{928F98EE-7D50-457F-9304-A6818DCF1079}.Release|Win32.Build.0 = Release|x86
		{928F98EE-7D50-457F-9304-A6818DCF1079}.Release|x64.ActiveCfg = Release|x64
		{928F98EE-7D50-457F-9304-A6818DCF1079}.Release|x64.Build.0 = Release|x64
		{928F98EE-7D50-457F-9304-A6818DCF1079}.Release|x86.ActiveCfg = Release|x86
		{928F98EE-7D50-457F-9304-A6818DCF1079}.Release|x86.Build.0 = Release|x86
		{CE998296-020C-44AD-B377-6925FAD8EC98}.Debug|Any CPU.ActiveCfg = Debug|Win32
		{CE998296-020C-44AD-B377-6925FAD8EC98}.Debug|Mixed Platforms.ActiveCfg = Debug|Win32
		{CE998296-020C-44AD-B377-6925FAD8EC98}.Debug|Mixed Platforms.Build.0 = Debug|Win32
		{CE998296-020C-44AD-B377-6925FAD8EC98}.Debug|Win32.ActiveCfg = Debug|Win32
		{CE998296-020C-44AD-B377-6925FAD8EC98}.Debug|Win32.Build.0 = Debug|Win32
		{CE998296-020C-44AD-B377-6925FAD8EC98}.Debug|x64.ActiveCfg = Debug|x64
		{CE998296-020C-44AD-B377-6925FAD8EC98}.Debug|x64.Build.0 = Debug|x64
		{CE998296-020C-44AD-B377-6925FAD8EC98}.Debug|x86.ActiveCfg = Debug|Win32
		{CE998296-020C-44AD-B377-6925FAD8EC98}.Debug|x86.Build.0 = Debug|Win32
		{CE998296-020C-44AD-B377-6925FAD8EC98}.Release|Any CPU.ActiveCfg = Release|Win32
		{CE998296-020C-44AD-B377-6925FAD8EC98}.Release|Mixed Platforms.ActiveCfg = Release|Win32
		{CE998296-020C-44AD-B377-6925FAD8EC98}.Release|Mixed Platforms.Build.0 = Release|Win32
		{CE998296-020C-44AD-B377-6925FAD8EC98}.Release|Win32.ActiveCfg = Release|Win32
		{CE998296-020C-44AD-B377-6925FAD8EC98}.Release|Win32.Build.0 = Release|Win32
		{CE998296-020C-44AD-B377-6925FAD8EC98}.Release|x64.ActiveCfg = Release|x64
		{CE998296-020C-44AD-B377-6925FAD8EC98}.Release|x64.Build.0 = Release|x64
		{CE998296-020C-44AD-B377-6925FAD8EC98}.Release|x86.ActiveCfg = Release|Win32
		{CE998296-020C-44AD-B377-6925FAD8EC98}.Release|x86.Build.0 = Release|Win32
		{7720778C-80F7-4004-8508-283BAFA8F4E6}.Debug|Any CPU.ActiveCfg = Debug|Any CPU
		{7720778C-80F7-4004-8508-283BAFA8F4E6}.Debug|Any CPU.Build.0 = Debug|Any CPU
		{7720778C-80F7-4004-8508-283BAFA8F4E6}.Debug|Mixed Platforms.ActiveCfg = Debug|x86
		{7720778C-80F7-4004-8508-283BAFA8F4E6}.Debug|Mixed Platforms.Build.0 = Debug|x86
		{7720778C-80F7-4004-8508-283BAFA8F4E6}.Debug|Win32.ActiveCfg = Debug|x86
		{7720778C-80F7-4004-8508-283BAFA8F4E6}.Debug|Win32.Build.0 = Debug|x86
		{7720778C-80F7-4004-8508-283BAFA8F4E6}.Debug|x64.ActiveCfg = Debug|x64
		{7720778C-80F7-4004-8508-283BAFA8F4E6}.Debug|x64.Build.0 = Debug|x64
		{7720778C-80F7-4004-8508-283BAFA8F4E6}.Debug|x86.ActiveCfg = Debug|x86
		{7720778C-80F7-4004-8508-283BAFA8F4E6}.Debug|x86.Build.0 = Debug|x86
		{7720778C-80F7-4004-8508-283BAFA8F4E6}.Release|Any CPU.ActiveCfg = Release|Any CPU
		{7720778C-80F7-4004-8508-283BAFA8F4E6}.Release|Any CPU.Build.0 = Release|Any CPU
		{7720778C-80F7-4004-8508-283BAFA8F4E6}.Release|Mixed Platforms.ActiveCfg = Release|x86
		{7720778C-80F7-4004-8508-283BAFA8F4E6}.Release|Mixed Platforms.Build.0 = Release|x86
		{7720778C-80F7-4004-8508-283BAFA8F4E6}.Release|Win32.ActiveCfg = Release|x86
		{7720778C-80F7-4004-8508-283BAFA8F4E6}.Release|Win32.Build.0 = Release|x86
		{7720778C-80F7-4004-8508-283BAFA8F4E6}.Release|x64.ActiveCfg = Release|x64
		{7720778C-80F7-4004-8508-283BAFA8F4E6}.Release|x64.Build.0 = Release|x64
		{7720778C-80F7-4004-8508-283BAFA8F4E6}.Release|x86.ActiveCfg = Release|x86
		{7720778C-80F7-4004-8508-283BAFA8F4E6}.Release|x86.Build.0 = Release|x86
		{65235900-3940-46D2-B519-C26E9027C668}.Debug|Any CPU.ActiveCfg = Debug|Any CPU
		{65235900-3940-46D2-B519-C26E9027C668}.Debug|Any CPU.Build.0 = Debug|Any CPU
		{65235900-3940-46D2-B519-C26E9027C668}.Debug|Mixed Platforms.ActiveCfg = Debug|x86
		{65235900-3940-46D2-B519-C26E9027C668}.Debug|Mixed Platforms.Build.0 = Debug|x86
		{65235900-3940-46D2-B519-C26E9027C668}.Debug|Win32.ActiveCfg = Debug|x86
		{65235900-3940-46D2-B519-C26E9027C668}.Debug|Win32.Build.0 = Debug|x86
		{65235900-3940-46D2-B519-C26E9027C668}.Debug|x64.ActiveCfg = Debug|x64
		{65235900-3940-46D2-B519-C26E9027C668}.Debug|x64.Build.0 = Debug|x64
		{65235900-3940-46D2-B519-C26E9027C668}.Debug|x86.ActiveCfg = Debug|x86
		{65235900-3940-46D2-B519-C26E9027C668}.Debug|x86.Build.0 = Debug|x86
		{65235900-3940-46D2-B519-C26E9027C668}.Release|Any CPU.ActiveCfg = Release|Any CPU
		{65235900-3940-46D2-B519-C26E9027C668}.Release|Any CPU.Build.0 = Release|Any CPU
		{65235900-3940-46D2-B519-C26E9027C668}.Release|Mixed Platforms.ActiveCfg = Release|x86
		{65235900-3940-46D2-B519-C26E9027C668}.Release|Mixed Platforms.Build.0 = Release|x86
		{65235900-3940-46D2-B519-C26E9027C668}.Release|Win32.ActiveCfg = Release|x86
		{65235900-3940-46D2-B519-C26E9027C668}.Release|Win32.Build.0 = Release|x86
		{65235900-3940-46D2-B519-C26E9027C668}.Release|x64.ActiveCfg = Release|x64
		{65235900-3940-46D2-B519-C26E9027C668}.Release|x64.Build.0 = Release|x64
		{65235900-3940-46D2-B519-C26E9027C668}.Release|x86.ActiveCfg = Release|x86
		{65235900-3940-46D2-B519-C26E9027C668}.Release|x86.Build.0 = Release|x86
		{E5077C71-A46A-48D3-953D-4135BEA566BE}.Debug|Any CPU.ActiveCfg = Debug|Any CPU
		{E5077C71-A46A-48D3-953D-4135BEA566BE}.Debug|Any CPU.Build.0 = Debug|Any CPU
		{E5077C71-A46A-48D3-953D-4135BEA566BE}.Debug|Mixed Platforms.ActiveCfg = Debug|x86
		{E5077C71-A46A-48D3-953D-4135BEA566BE}.Debug|Mixed Platforms.Build.0 = Debug|x86
		{E5077C71-A46A-48D3-953D-4135BEA566BE}.Debug|Win32.ActiveCfg = Debug|x86
		{E5077C71-A46A-48D3-953D-4135BEA566BE}.Debug|Win32.Build.0 = Debug|x86
		{E5077C71-A46A-48D3-953D-4135BEA566BE}.Debug|x64.ActiveCfg = Debug|x64
		{E5077C71-A46A-48D3-953D-4135BEA566BE}.Debug|x64.Build.0 = Debug|x64
		{E5077C71-A46A-48D3-953D-4135BEA566BE}.Debug|x86.ActiveCfg = Debug|x86
		{E5077C71-A46A-48D3-953D-4135BEA566BE}.Debug|x86.Build.0 = Debug|x86
		{E5077C71-A46A-48D3-953D-4135BEA566BE}.Release|Any CPU.ActiveCfg = Release|Any CPU
		{E5077C71-A46A-48D3-953D-4135BEA566BE}.Release|Any CPU.Build.0 = Release|Any CPU
		{E5077C71-A46A-48D3-953D-4135BEA566BE}.Release|Mixed Platforms.ActiveCfg = Release|x86
		{E5077C71-A46A-48D3-953D-4135BEA566BE}.Release|Mixed Platforms.Build.0 = Release|x86
		{E5077C71-A46A-48D3-953D-4135BEA566BE}.Release|Win32.ActiveCfg = Release|x86
		{E5077C71-A46A-48D3-953D-4135BEA566BE}.Release|Win32.Build.0 = Release|x86
		{E5077C71-A46A-48D3-953D-4135BEA566BE}.Release|x64.ActiveCfg = Release|x64
		{E5077C71-A46A-48D3-953D-4135BEA566BE}.Release|x64.Build.0 = Release|x64
		{E5077C71-A46A-48D3-953D-4135BEA566BE}.Release|x86.ActiveCfg = Release|x86
		{E5077C71-A46A-48D3-953D-4135BEA566BE}.Release|x86.Build.0 = Release|x86
	EndGlobalSection
	GlobalSection(SolutionProperties) = preSolution
		HideSolutionNode = FALSE
	EndGlobalSection
	GlobalSection(NestedProjects) = preSolution
		{D89673FA-186D-4102-9AE3-5675595322E7} = {C83DF308-0C93-40E5-824E-3C5B9DA889DF}
		{21183104-9963-4D4F-B7E8-C8A6169FD053} = {C83DF308-0C93-40E5-824E-3C5B9DA889DF}
		{928F98EE-7D50-457F-9304-A6818DCF1079} = {C83DF308-0C93-40E5-824E-3C5B9DA889DF}
		{CE998296-020C-44AD-B377-6925FAD8EC98} = {1D500000-5AA0-4DAB-8A0D-BA267F363E15}
		{7720778C-80F7-4004-8508-283BAFA8F4E6} = {EA54F9A0-66C0-4B9E-8B3D-A753E2EC6445}
		{65235900-3940-46D2-B519-C26E9027C668} = {EA54F9A0-66C0-4B9E-8B3D-A753E2EC6445}
		{E5077C71-A46A-48D3-953D-4135BEA566BE} = {EA54F9A0-66C0-4B9E-8B3D-A753E2EC6445}
	EndGlobalSection
EndGlobal
